
Microsoft Visual Studio Solution File, Format Version 12.00
# Visual Studio Version 17
VisualStudioVersion = 17.8.34322.80
MinimumVisualStudioVersion = 10.0.40219.1
Project("{9A19103F-16F7-4668-BE54-9A1E7A4F7556}") = "Organizations.API", "Organizations.API\Organizations.API.csproj", "{2182B38F-B77E-43C0-94D9-EB3BA26FC00A}"
EndProject
Project("{9A19103F-16F7-4668-BE54-9A1E7A4F7556}") = "Organizations.Models", "Organizations.Models\Organizations.Models.csproj", "{E8DB74DC-F33A-4229-A97D-71C516923C97}"
EndProject
Project("{9A19103F-16F7-4668-BE54-9A1E7A4F7556}") = "Organizations.DbProvider", "Organizations.DbProvider\Organizations.DbProvider.csproj", "{1C08ADAA-E268-4759-A891-48C5AF24371A}"
EndProject
Project("{9A19103F-16F7-4668-BE54-9A1E7A4F7556}") = "Organizations.ReaderApp", "Organizations.ReaderApp\Organizations.ReaderApp.csproj", "{D5812F8D-E710-4390-B712-9FAB87B23A73}"
EndProject
Project("{FAE04EC0-301F-11D3-BF4B-00C04F79EFBC}") = "Organizations.Services", "Organizations.Services\Organizations.Services.csproj", "{396FA4D9-C6E8-4932-A2F0-8498C11F6628}"
EndProject
Global
	GlobalSection(SolutionConfigurationPlatforms) = preSolution
		Debug|Any CPU = Debug|Any CPU
		Release|Any CPU = Release|Any CPU
	EndGlobalSection
	GlobalSection(ProjectConfigurationPlatforms) = postSolution
		{2182B38F-B77E-43C0-94D9-EB3BA26FC00A}.Debug|Any CPU.ActiveCfg = Debug|Any CPU
		{2182B38F-B77E-43C0-94D9-EB3BA26FC00A}.Debug|Any CPU.Build.0 = Debug|Any CPU
		{2182B38F-B77E-43C0-94D9-EB3BA26FC00A}.Release|Any CPU.ActiveCfg = Release|Any CPU
		{2182B38F-B77E-43C0-94D9-EB3BA26FC00A}.Release|Any CPU.Build.0 = Release|Any CPU
		{E8DB74DC-F33A-4229-A97D-71C516923C97}.Debug|Any CPU.ActiveCfg = Debug|Any CPU
		{E8DB74DC-F33A-4229-A97D-71C516923C97}.Debug|Any CPU.Build.0 = Debug|Any CPU
		{E8DB74DC-F33A-4229-A97D-71C516923C97}.Release|Any CPU.ActiveCfg = Release|Any CPU
		{E8DB74DC-F33A-4229-A97D-71C516923C97}.Release|Any CPU.Build.0 = Release|Any CPU
		{1C08ADAA-E268-4759-A891-48C5AF24371A}.Debug|Any CPU.ActiveCfg = Debug|Any CPU
		{1C08ADAA-E268-4759-A891-48C5AF24371A}.Debug|Any CPU.Build.0 = Debug|Any CPU
		{1C08ADAA-E268-4759-A891-48C5AF24371A}.Release|Any CPU.ActiveCfg = Release|Any CPU
		{1C08ADAA-E268-4759-A891-48C5AF24371A}.Release|Any CPU.Build.0 = Release|Any CPU
		{D5812F8D-E710-4390-B712-9FAB87B23A73}.Debug|Any CPU.ActiveCfg = Debug|Any CPU
		{D5812F8D-E710-4390-B712-9FAB87B23A73}.Debug|Any CPU.Build.0 = Debug|Any CPU
		{D5812F8D-E710-4390-B712-9FAB87B23A73}.Release|Any CPU.ActiveCfg = Release|Any CPU
		{D5812F8D-E710-4390-B712-9FAB87B23A73}.Release|Any CPU.Build.0 = Release|Any CPU
		{396FA4D9-C6E8-4932-A2F0-8498C11F6628}.Debug|Any CPU.ActiveCfg = Debug|Any CPU
		{396FA4D9-C6E8-4932-A2F0-8498C11F6628}.Debug|Any CPU.Build.0 = Debug|Any CPU
		{396FA4D9-C6E8-4932-A2F0-8498C11F6628}.Release|Any CPU.ActiveCfg = Release|Any CPU
		{396FA4D9-C6E8-4932-A2F0-8498C11F6628}.Release|Any CPU.Build.0 = Release|Any CPU
	EndGlobalSection
	GlobalSection(SolutionProperties) = preSolution
		HideSolutionNode = FALSE
	EndGlobalSection
	GlobalSection(ExtensibilityGlobals) = postSolution
		SolutionGuid = {012A756F-D58F-4141-9509-66F547153DE0}
	EndGlobalSection
EndGlobal
